# This file is @generated by PDM.
# It is not intended for manual editing.

[[package]]
name = "typing-extensions"
version = "4.6.3"
requires_python = ">=3.7"
summary = "Backported and Experimental Type Hints for Python 3.7+"

[metadata]
lock_version = "4.2"
groups = ["default"]
content_hash = "sha256:d95a9a6bf3f069846d7fa118f8cd1cba246a4fab01a1e8235025b690dd96510b"

[metadata.files]
"typing-extensions 4.6.3" = [
    {url = "https://files.pythonhosted.org/packages/42/56/cfaa7a5281734dadc842f3a22e50447c675a1c5a5b9f6ad8a07b467bffe7/typing_extensions-4.6.3.tar.gz", hash = "sha256:d91d5919357fe7f681a9f2b5b4cb2a5f1ef0a1e9f59c4d8ff0d3491e05c0ffd5"},
    {url = "https://files.pythonhosted.org/packages/5f/86/d9b1518d8e75b346a33eb59fa31bdbbee11459a7e2cc5be502fa779e96c5/typing_extensions-4.6.3-py3-none-any.whl", hash = "sha256:88a4153d8505aabbb4e13aacb7c486c2b4a33ca3b3f807914a9b4c844c471c26"},
]
